
Microsoft Visual Studio Solution File, Format Version 12.00
# Visual Studio Version 16
VisualStudioVersion = 16.0.31410.357
MinimumVisualStudioVersion = 10.0.40219.1
Project("{FAE04EC0-301F-11D3-BF4B-00C04F79EFBC}") = "TabViewBug.Android", "TabViewBug.Android\TabViewBug.Android.csproj", "{A5D0C266-5654-48BD-A87F-6806CDCD5DE5}"
EndProject
Project("{FAE04EC0-301F-11D3-BF4B-00C04F79EFBC}") = "TabViewBug.iOS", "TabViewBug.iOS\TabViewBug.iOS.csproj", "{692D0B6D-55EF-4593-AB77-A6D41C328FBB}"
EndProject
Project("{FAE04EC0-301F-11D3-BF4B-00C04F79EFBC}") = "TabViewBug", "TabViewBug\TabViewBug.csproj", "{594BB5D8-3ED5-49C9-B3CB-D727D719D4D8}"
EndProject
Global
	GlobalSection(SolutionConfigurationPlatforms) = preSolution
		Debug|Any CPU = Debug|Any CPU
		Debug|iPhone = Debug|iPhone
		Debug|iPhoneSimulator = Debug|iPhoneSimulator
		Release|Any CPU = Release|Any CPU
		Release|iPhone = Release|iPhone
		Release|iPhoneSimulator = Release|iPhoneSimulator
	EndGlobalSection
	GlobalSection(ProjectConfigurationPlatforms) = postSolution
		{A5D0C266-5654-48BD-A87F-6806CDCD5DE5}.Debug|Any CPU.ActiveCfg = Debug|Any CPU
		{A5D0C266-5654-48BD-A87F-6806CDCD5DE5}.Debug|Any CPU.Build.0 = Debug|Any CPU
		{A5D0C266-5654-48BD-A87F-6806CDCD5DE5}.Debug|Any CPU.Deploy.0 = Debug|Any CPU
		{A5D0C266-5654-48BD-A87F-6806CDCD5DE5}.Debug|iPhone.ActiveCfg = Debug|Any CPU
		{A5D0C266-5654-48BD-A87F-6806CDCD5DE5}.Debug|iPhone.Build.0 = Debug|Any CPU
		{A5D0C266-5654-48BD-A87F-6806CDCD5DE5}.Debug|iPhone.Deploy.0 = Debug|Any CPU
		{A5D0C266-5654-48BD-A87F-6806CDCD5DE5}.Debug|iPhoneSimulator.ActiveCfg = Debug|Any CPU
		{A5D0C266-5654-48BD-A87F-6806CDCD5DE5}.Debug|iPhoneSimulator.Build.0 = Debug|Any CPU
		{A5D0C266-5654-48BD-A87F-6806CDCD5DE5}.Debug|iPhoneSimulator.Deploy.0 = Debug|Any CPU
		{A5D0C266-5654-48BD-A87F-6806CDCD5DE5}.Release|Any CPU.ActiveCfg = Release|Any CPU
		{A5D0C266-5654-48BD-A87F-6806CDCD5DE5}.Release|Any CPU.Build.0 = Release|Any CPU
		{A5D0C266-5654-48BD-A87F-6806CDCD5DE5}.Release|Any CPU.Deploy.0 = Release|Any CPU
		{A5D0C266-5654-48BD-A87F-6806CDCD5DE5}.Release|iPhone.ActiveCfg = Release|Any CPU
		{A5D0C266-5654-48BD-A87F-6806CDCD5DE5}.Release|iPhone.Build.0 = Release|Any CPU
		{A5D0C266-5654-48BD-A87F-6806CDCD5DE5}.Release|iPhone.Deploy.0 = Release|Any CPU
		{A5D0C266-5654-48BD-A87F-6806CDCD5DE5}.Release|iPhoneSimulator.ActiveCfg = Release|Any CPU
		{A5D0C266-5654-48BD-A87F-6806CDCD5DE5}.Release|iPhoneSimulator.Build.0 = Release|Any CPU
		{A5D0C266-5654-48BD-A87F-6806CDCD5DE5}.Release|iPhoneSimulator.Deploy.0 = Release|Any CPU
		{692D0B6D-55EF-4593-AB77-A6D41C328FBB}.Debug|Any CPU.ActiveCfg = Debug|iPhone
		{692D0B6D-55EF-4593-AB77-A6D41C328FBB}.Debug|Any CPU.Build.0 = Debug|iPhone
		{692D0B6D-55EF-4593-AB77-A6D41C328FBB}.Debug|Any CPU.Deploy.0 = Debug|iPhone
		{692D0B6D-55EF-4593-AB77-A6D41C328FBB}.Debug|iPhone.ActiveCfg = Debug|iPhone
		{692D0B6D-55EF-4593-AB77-A6D41C328FBB}.Debug|iPhone.Build.0 = Debug|iPhone
		{692D0B6D-55EF-4593-AB77-A6D41C328FBB}.Debug|iPhone.Deploy.0 = Debug|iPhone
		{692D0B6D-55EF-4593-AB77-A6D41C328FBB}.Debug|iPhoneSimulator.ActiveCfg = Debug|iPhoneSimulator
		{692D0B6D-55EF-4593-AB77-A6D41C328FBB}.Debug|iPhoneSimulator.Build.0 = Debug|iPhoneSimulator
		{692D0B6D-55EF-4593-AB77-A6D41C328FBB}.Debug|iPhoneSimulator.Deploy.0 = Debug|iPhoneSimulator
		{692D0B6D-55EF-4593-AB77-A6D41C328FBB}.Release|Any CPU.ActiveCfg = Release|iPhoneSimulator
		{692D0B6D-55EF-4593-AB77-A6D41C328FBB}.Release|Any CPU.Build.0 = Release|iPhoneSimulator
		{692D0B6D-55EF-4593-AB77-A6D41C328FBB}.Release|Any CPU.Deploy.0 = Release|iPhoneSimulator
		{692D0B6D-55EF-4593-AB77-A6D41C328FBB}.Release|iPhone.ActiveCfg = Release|iPhone
		{692D0B6D-55EF-4593-AB77-A6D41C328FBB}.Release|iPhone.Build.0 = Release|iPhone
		{692D0B6D-55EF-4593-AB77-A6D41C328FBB}.Release|iPhone.Deploy.0 = Release|iPhone
		{692D0B6D-55EF-4593-AB77-A6D41C328FBB}.Release|iPhoneSimulator.ActiveCfg = Release|iPhoneSimulator
		{692D0B6D-55EF-4593-AB77-A6D41C328FBB}.Release|iPhoneSimulator.Build.0 = Release|iPhoneSimulator
		{692D0B6D-55EF-4593-AB77-A6D41C328FBB}.Release|iPhoneSimulator.Deploy.0 = Release|iPhoneSimulator
		{594BB5D8-3ED5-49C9-B3CB-D727D719D4D8}.Debug|Any CPU.ActiveCfg = Debug|Any CPU
		{594BB5D8-3ED5-49C9-B3CB-D727D719D4D8}.Debug|Any CPU.Build.0 = Debug|Any CPU
		{594BB5D8-3ED5-49C9-B3CB-D727D719D4D8}.Debug|Any CPU.Deploy.0 = Debug|Any CPU
		{594BB5D8-3ED5-49C9-B3CB-D727D719D4D8}.Debug|iPhone.ActiveCfg = Debug|Any CPU
		{594BB5D8-3ED5-49C9-B3CB-D727D719D4D8}.Debug|iPhone.Build.0 = Debug|Any CPU
		{594BB5D8-3ED5-49C9-B3CB-D727D719D4D8}.Debug|iPhone.Deploy.0 = Debug|Any CPU
		{594BB5D8-3ED5-49C9-B3CB-D727D719D4D8}.Debug|iPhoneSimulator.ActiveCfg = Debug|Any CPU
		{594BB5D8-3ED5-49C9-B3CB-D727D719D4D8}.Debug|iPhoneSimulator.Build.0 = Debug|Any CPU
		{594BB5D8-3ED5-49C9-B3CB-D727D719D4D8}.Debug|iPhoneSimulator.Deploy.0 = Debug|Any CPU
		{594BB5D8-3ED5-49C9-B3CB-D727D719D4D8}.Release|Any CPU.ActiveCfg = Release|Any CPU
		{594BB5D8-3ED5-49C9-B3CB-D727D719D4D8}.Release|Any CPU.Build.0 = Release|Any CPU
		{594BB5D8-3ED5-49C9-B3CB-D727D719D4D8}.Release|Any CPU.Deploy.0 = Release|Any CPU
		{594BB5D8-3ED5-49C9-B3CB-D727D719D4D8}.Release|iPhone.ActiveCfg = Release|Any CPU
		{594BB5D8-3ED5-49C9-B3CB-D727D719D4D8}.Release|iPhone.Build.0 = Release|Any CPU
		{594BB5D8-3ED5-49C9-B3CB-D727D719D4D8}.Release|iPhone.Deploy.0 = Release|Any CPU
		{594BB5D8-3ED5-49C9-B3CB-D727D719D4D8}.Release|iPhoneSimulator.ActiveCfg = Release|Any CPU
		{594BB5D8-3ED5-49C9-B3CB-D727D719D4D8}.Release|iPhoneSimulator.Build.0 = Release|Any CPU
		{594BB5D8-3ED5-49C9-B3CB-D727D719D4D8}.Release|iPhoneSimulator.Deploy.0 = Release|Any CPU
	EndGlobalSection
	GlobalSection(SolutionProperties) = preSolution
		HideSolutionNode = FALSE
	EndGlobalSection
	GlobalSection(ExtensibilityGlobals) = postSolution
		SolutionGuid = {2DF319A7-D044-40E4-9E5C-B280810C5945}
	EndGlobalSection
EndGlobal
